
Microsoft Visual Studio Solution File, Format Version 12.00
# Visual Studio Version 17
VisualStudioVersion = 17.7.34202.233
MinimumVisualStudioVersion = 10.0.40219.1
Project("{9A19103F-16F7-4668-BE54-9A1E7A4F7556}") = "HelloWorld", "HelloWorld\HelloWorld.csproj", "{8FF68AF7-907F-4CC3-9EDC-8994E62C4FCC}"
EndProject
Project("{9A19103F-16F7-4668-BE54-9A1E7A4F7556}") = "GaziKararYapılarıApp", "GaziKararYapılarıApp\GaziKararYapılarıApp.csproj", "{5F293E51-B747-47D0-B45A-40ACB19E7032}"
EndProject
Project("{FAE04EC0-301F-11D3-BF4B-00C04F79EFBC}") = "GaziDongulerAppSube3", "GaziDongulerAppSube3\GaziDongulerAppSube3.csproj", "{B107FA9D-3CA6-4423-A927-8387625E6915}"
EndProject
Global
	GlobalSection(SolutionConfigurationPlatforms) = preSolution
		Debug|Any CPU = Debug|Any CPU
		Release|Any CPU = Release|Any CPU
	EndGlobalSection
	GlobalSection(ProjectConfigurationPlatforms) = postSolution
		{8FF68AF7-907F-4CC3-9EDC-8994E62C4FCC}.Debug|Any CPU.ActiveCfg = Debug|Any CPU
		{8FF68AF7-907F-4CC3-9EDC-8994E62C4FCC}.Debug|Any CPU.Build.0 = Debug|Any CPU
		{8FF68AF7-907F-4CC3-9EDC-8994E62C4FCC}.Release|Any CPU.ActiveCfg = Release|Any CPU
		{8FF68AF7-907F-4CC3-9EDC-8994E62C4FCC}.Release|Any CPU.Build.0 = Release|Any CPU
		{5F293E51-B747-47D0-B45A-40ACB19E7032}.Debug|Any CPU.ActiveCfg = Debug|Any CPU
		{5F293E51-B747-47D0-B45A-40ACB19E7032}.Debug|Any CPU.Build.0 = Debug|Any CPU
		{5F293E51-B747-47D0-B45A-40ACB19E7032}.Release|Any CPU.ActiveCfg = Release|Any CPU
		{5F293E51-B747-47D0-B45A-40ACB19E7032}.Release|Any CPU.Build.0 = Release|Any CPU
		{B107FA9D-3CA6-4423-A927-8387625E6915}.Debug|Any CPU.ActiveCfg = Debug|Any CPU
		{B107FA9D-3CA6-4423-A927-8387625E6915}.Debug|Any CPU.Build.0 = Debug|Any CPU
		{B107FA9D-3CA6-4423-A927-8387625E6915}.Release|Any CPU.ActiveCfg = Release|Any CPU
		{B107FA9D-3CA6-4423-A927-8387625E6915}.Release|Any CPU.Build.0 = Release|Any CPU
	EndGlobalSection
	GlobalSection(SolutionProperties) = preSolution
		HideSolutionNode = FALSE
	EndGlobalSection
	GlobalSection(ExtensibilityGlobals) = postSolution
		SolutionGuid = {CB551D29-CA8E-4FA2-9196-15D297A4CA8C}
	EndGlobalSection
EndGlobal
